{
  "object": {
    "pins": [
      {
        "package": "RollswhereEngine",
        "repositoryURL": "git@github.com:markorankovic/RollswhereEngine.git",
        "state": {
          "branch": null,
          "revision": "772d2a3e8c3f00e532b00eae3454d62227e8014c",
          "version": "1.0.0"
        }
      },
      {
        "package": "Smorgasbord",
        "repositoryURL": "https://github.com/markorankovic/Smorgasbord",
        "state": {
          "branch": null,
          "revision": "841e999d6d37df1f0801417b2da03c8e0b9be36b",
          "version": "1.0.0"
        }
      }
    ]
  },
  "version": 1
}
