// !$*UTF8*$!
{
	archiveVersion = 1;
	classes = {
	};
	objectVersion = 52;
	objects = {

/* Begin PBXBuildFile section */
		ADA7863C2333FFFB003BBE43 /* Shootable.swift in Sources */ = {isa = PBXBuildFile; fileRef = ADA7863B2333FFFB003BBE43 /* Shootable.swift */; };
		ADA7863E23340049003BBE43 /* PhysicsComponent.swift in Sources */ = {isa = PBXBuildFile; fileRef = ADA7863D23340049003BBE43 /* PhysicsComponent.swift */; };
		ADA7864023340077003BBE43 /* RotateComponent.swift in Sources */ = {isa = PBXBuildFile; fileRef = ADA7863F23340077003BBE43 /* RotateComponent.swift */; };
		ADA786422334009E003BBE43 /* DragComponent.swift in Sources */ = {isa = PBXBuildFile; fileRef = ADA786412334009E003BBE43 /* DragComponent.swift */; };
		ADA7864423340120003BBE43 /* StartComponent.swift in Sources */ = {isa = PBXBuildFile; fileRef = ADA7864323340120003BBE43 /* StartComponent.swift */; };
		ADA7864623340143003BBE43 /* FinishComponent.swift in Sources */ = {isa = PBXBuildFile; fileRef = ADA7864523340143003BBE43 /* FinishComponent.swift */; };
		ADF921A82333F3470055AA95 /* AppDelegate.swift in Sources */ = {isa = PBXBuildFile; fileRef = ADF921A72333F3470055AA95 /* AppDelegate.swift */; };
		ADF921B02333F3470055AA95 /* ViewController.swift in Sources */ = {isa = PBXBuildFile; fileRef = ADF921AF2333F3470055AA95 /* ViewController.swift */; };
		ADF921B22333F3480055AA95 /* Assets.xcassets in Resources */ = {isa = PBXBuildFile; fileRef = ADF921B12333F3480055AA95 /* Assets.xcassets */; };
		ADF921B52333F3480055AA95 /* Main.storyboard in Resources */ = {isa = PBXBuildFile; fileRef = ADF921B32333F3480055AA95 /* Main.storyboard */; };
		ADF921C82333F3840055AA95 /* RollswhereEngine in Frameworks */ = {isa = PBXBuildFile; productRef = ADF921C72333F3840055AA95 /* RollswhereEngine */; };
		ADF921CB2333F72C0055AA95 /* Images in Resources */ = {isa = PBXBuildFile; fileRef = ADF921C92333F72C0055AA95 /* Images */; };
		ADF921CE2333F76F0055AA95 /* MyScene.sks in Resources */ = {isa = PBXBuildFile; fileRef = ADF921CD2333F76F0055AA95 /* MyScene.sks */; };
/* End PBXBuildFile section */

/* Begin PBXFileReference section */
		ADA7863B2333FFFB003BBE43 /* Shootable.swift */ = {isa = PBXFileReference; lastKnownFileType = sourcecode.swift; path = Shootable.swift; sourceTree = "<group>"; };
		ADA7863D23340049003BBE43 /* PhysicsComponent.swift */ = {isa = PBXFileReference; lastKnownFileType = sourcecode.swift; path = PhysicsComponent.swift; sourceTree = "<group>"; };
		ADA7863F23340077003BBE43 /* RotateComponent.swift */ = {isa = PBXFileReference; lastKnownFileType = sourcecode.swift; path = RotateComponent.swift; sourceTree = "<group>"; };
		ADA786412334009E003BBE43 /* DragComponent.swift */ = {isa = PBXFileReference; lastKnownFileType = sourcecode.swift; path = DragComponent.swift; sourceTree = "<group>"; };
		ADA7864323340120003BBE43 /* StartComponent.swift */ = {isa = PBXFileReference; lastKnownFileType = sourcecode.swift; path = StartComponent.swift; sourceTree = "<group>"; };
		ADA7864523340143003BBE43 /* FinishComponent.swift */ = {isa = PBXFileReference; lastKnownFileType = sourcecode.swift; path = FinishComponent.swift; sourceTree = "<group>"; };
		ADF921A42333F3470055AA95 /* Rollswhere.app */ = {isa = PBXFileReference; explicitFileType = wrapper.application; includeInIndex = 0; path = Rollswhere.app; sourceTree = BUILT_PRODUCTS_DIR; };
		ADF921A72333F3470055AA95 /* AppDelegate.swift */ = {isa = PBXFileReference; lastKnownFileType = sourcecode.swift; path = AppDelegate.swift; sourceTree = "<group>"; };
		ADF921AF2333F3470055AA95 /* ViewController.swift */ = {isa = PBXFileReference; lastKnownFileType = sourcecode.swift; path = ViewController.swift; sourceTree = "<group>"; };
		ADF921B12333F3480055AA95 /* Assets.xcassets */ = {isa = PBXFileReference; lastKnownFileType = folder.assetcatalog; path = Assets.xcassets; sourceTree = "<group>"; };
		ADF921B42333F3480055AA95 /* Base */ = {isa = PBXFileReference; lastKnownFileType = file.storyboard; name = Base; path = Base.lproj/Main.storyboard; sourceTree = "<group>"; };
		ADF921B62333F3480055AA95 /* Info.plist */ = {isa = PBXFileReference; lastKnownFileType = text.plist.xml; path = Info.plist; sourceTree = "<group>"; };
		ADF921B72333F3480055AA95 /* Rollswhere.entitlements */ = {isa = PBXFileReference; lastKnownFileType = text.plist.entitlements; path = Rollswhere.entitlements; sourceTree = "<group>"; };
		ADF921C92333F72C0055AA95 /* Images */ = {isa = PBXFileReference; lastKnownFileType = folder; path = Images; sourceTree = "<group>"; };
		ADF921CD2333F76F0055AA95 /* MyScene.sks */ = {isa = PBXFileReference; lastKnownFileType = file.sks; path = MyScene.sks; sourceTree = "<group>"; };
/* End PBXFileReference section */

/* Begin PBXFrameworksBuildPhase section */
		ADF921A12333F3470055AA95 /* Frameworks */ = {
			isa = PBXFrameworksBuildPhase;
			buildActionMask = 2147483647;
			files = (
				ADF921C82333F3840055AA95 /* RollswhereEngine in Frameworks */,
			);
			runOnlyForDeploymentPostprocessing = 0;
		};
/* End PBXFrameworksBuildPhase section */

/* Begin PBXGroup section */
		ADA7863A2333FFE9003BBE43 /* Components */ = {
			isa = PBXGroup;
			children = (
				ADA7863B2333FFFB003BBE43 /* Shootable.swift */,
				ADA7863D23340049003BBE43 /* PhysicsComponent.swift */,
				ADA7863F23340077003BBE43 /* RotateComponent.swift */,
				ADA786412334009E003BBE43 /* DragComponent.swift */,
				ADA7864323340120003BBE43 /* StartComponent.swift */,
				ADA7864523340143003BBE43 /* FinishComponent.swift */,
			);
			path = Components;
			sourceTree = "<group>";
		};
		ADF9219B2333F3470055AA95 = {
			isa = PBXGroup;
			children = (
				ADF921A62333F3470055AA95 /* Rollswhere */,
				ADF921A52333F3470055AA95 /* Products */,
			);
			sourceTree = "<group>";
		};
		ADF921A52333F3470055AA95 /* Products */ = {
			isa = PBXGroup;
			children = (
				ADF921A42333F3470055AA95 /* Rollswhere.app */,
			);
			name = Products;
			sourceTree = "<group>";
		};
		ADF921A62333F3470055AA95 /* Rollswhere */ = {
			isa = PBXGroup;
			children = (
				ADA7863A2333FFE9003BBE43 /* Components */,
				ADF921C92333F72C0055AA95 /* Images */,
				ADF921B72333F3480055AA95 /* Rollswhere.entitlements */,
				ADF921B62333F3480055AA95 /* Info.plist */,
				ADF921CD2333F76F0055AA95 /* MyScene.sks */,
				ADF921A72333F3470055AA95 /* AppDelegate.swift */,
				ADF921AF2333F3470055AA95 /* ViewController.swift */,
				ADF921B12333F3480055AA95 /* Assets.xcassets */,
				ADF921B32333F3480055AA95 /* Main.storyboard */,
			);
			path = Rollswhere;
			sourceTree = "<group>";
		};
/* End PBXGroup section */

/* Begin PBXNativeTarget section */
		ADF921A32333F3470055AA95 /* Rollswhere */ = {
			isa = PBXNativeTarget;
			buildConfigurationList = ADF921BA2333F3480055AA95 /* Build configuration list for PBXNativeTarget "Rollswhere" */;
			buildPhases = (
				ADF921A02333F3470055AA95 /* Sources */,
				ADF921A12333F3470055AA95 /* Frameworks */,
				ADF921A22333F3470055AA95 /* Resources */,
			);
			buildRules = (
			);
			dependencies = (
			);
			name = Rollswhere;
			packageProductDependencies = (
				ADF921C72333F3840055AA95 /* RollswhereEngine */,
			);
			productName = Rollswhere;
			productReference = ADF921A42333F3470055AA95 /* Rollswhere.app */;
			productType = "com.apple.product-type.application";
		};
/* End PBXNativeTarget section */

/* Begin PBXProject section */
		ADF9219C2333F3470055AA95 /* Project object */ = {
			isa = PBXProject;
			attributes = {
				LastSwiftUpdateCheck = 1100;
				LastUpgradeCheck = 1100;
				ORGANIZATIONNAME = "Marko Rankovic";
				TargetAttributes = {
					ADF921A32333F3470055AA95 = {
						CreatedOnToolsVersion = 11.0;
					};
				};
			};
			buildConfigurationList = ADF9219F2333F3470055AA95 /* Build configuration list for PBXProject "Rollswhere" */;
			compatibilityVersion = "Xcode 9.3";
			developmentRegion = en;
			hasScannedForEncodings = 0;
			knownRegions = (
				en,
				Base,
			);
			mainGroup = ADF9219B2333F3470055AA95;
			packageReferences = (
				ADF921C62333F3840055AA95 /* XCRemoteSwiftPackageReference "RollswhereEngine" */,
			);
			productRefGroup = ADF921A52333F3470055AA95 /* Products */;
			projectDirPath = "";
			projectRoot = "";
			targets = (
				ADF921A32333F3470055AA95 /* Rollswhere */,
			);
		};
/* End PBXProject section */

/* Begin PBXResourcesBuildPhase section */
		ADF921A22333F3470055AA95 /* Resources */ = {
			isa = PBXResourcesBuildPhase;
			buildActionMask = 2147483647;
			files = (
				ADF921CB2333F72C0055AA95 /* Images in Resources */,
				ADF921B22333F3480055AA95 /* Assets.xcassets in Resources */,
				ADF921CE2333F76F0055AA95 /* MyScene.sks in Resources */,
				ADF921B52333F3480055AA95 /* Main.storyboard in Resources */,
			);
			runOnlyForDeploymentPostprocessing = 0;
		};
/* End PBXResourcesBuildPhase section */

/* Begin PBXSourcesBuildPhase section */
		ADF921A02333F3470055AA95 /* Sources */ = {
			isa = PBXSourcesBuildPhase;
			buildActionMask = 2147483647;
			files = (
				ADA7863C2333FFFB003BBE43 /* Shootable.swift in Sources */,
				ADF921B02333F3470055AA95 /* ViewController.swift in Sources */,
				ADF921A82333F3470055AA95 /* AppDelegate.swift in Sources */,
				ADA7863E23340049003BBE43 /* PhysicsComponent.swift in Sources */,
				ADA7864623340143003BBE43 /* FinishComponent.swift in Sources */,
				ADA7864423340120003BBE43 /* StartComponent.swift in Sources */,
				ADA7864023340077003BBE43 /* RotateComponent.swift in Sources */,
				ADA786422334009E003BBE43 /* DragComponent.swift in Sources */,
			);
			runOnlyForDeploymentPostprocessing = 0;
		};
/* End PBXSourcesBuildPhase section */

/* Begin PBXVariantGroup section */
		ADF921B32333F3480055AA95 /* Main.storyboard */ = {
			isa = PBXVariantGroup;
			children = (
				ADF921B42333F3480055AA95 /* Base */,
			);
			name = Main.storyboard;
			sourceTree = "<group>";
		};
/* End PBXVariantGroup section */

/* Begin XCBuildConfiguration section */
		ADF921B82333F3480055AA95 /* Debug */ = {
			isa = XCBuildConfiguration;
			buildSettings = {
				ALWAYS_SEARCH_USER_PATHS = NO;
				CLANG_ANALYZER_NONNULL = YES;
				CLANG_ANALYZER_NUMBER_OBJECT_CONVERSION = YES_AGGRESSIVE;
				CLANG_CXX_LANGUAGE_STANDARD = "gnu++14";
				CLANG_CXX_LIBRARY = "libc++";
				CLANG_ENABLE_MODULES = YES;
				CLANG_ENABLE_OBJC_ARC = YES;
				CLANG_ENABLE_OBJC_WEAK = YES;
				CLANG_WARN_BLOCK_CAPTURE_AUTORELEASING = YES;
				CLANG_WARN_BOOL_CONVERSION = YES;
				CLANG_WARN_COMMA = YES;
				CLANG_WARN_CONSTANT_CONVERSION = YES;
				CLANG_WARN_DEPRECATED_OBJC_IMPLEMENTATIONS = YES;
				CLANG_WARN_DIRECT_OBJC_ISA_USAGE = YES_ERROR;
				CLANG_WARN_DOCUMENTATION_COMMENTS = YES;
				CLANG_WARN_EMPTY_BODY = YES;
				CLANG_WARN_ENUM_CONVERSION = YES;
				CLANG_WARN_INFINITE_RECURSION = YES;
				CLANG_WARN_INT_CONVERSION = YES;
				CLANG_WARN_NON_LITERAL_NULL_CONVERSION = YES;
				CLANG_WARN_OBJC_IMPLICIT_RETAIN_SELF = YES;
				CLANG_WARN_OBJC_LITERAL_CONVERSION = YES;
				CLANG_WARN_OBJC_ROOT_CLASS = YES_ERROR;
				CLANG_WARN_RANGE_LOOP_ANALYSIS = YES;
				CLANG_WARN_STRICT_PROTOTYPES = YES;
				CLANG_WARN_SUSPICIOUS_MOVE = YES;
				CLANG_WARN_UNGUARDED_AVAILABILITY = YES_AGGRESSIVE;
				CLANG_WARN_UNREACHABLE_CODE = YES;
				CLANG_WARN__DUPLICATE_METHOD_MATCH = YES;
				COPY_PHASE_STRIP = NO;
				DEBUG_INFORMATION_FORMAT = dwarf;
				ENABLE_STRICT_OBJC_MSGSEND = YES;
				ENABLE_TESTABILITY = YES;
				GCC_C_LANGUAGE_STANDARD = gnu11;
				GCC_DYNAMIC_NO_PIC = NO;
				GCC_NO_COMMON_BLOCKS = YES;
				GCC_OPTIMIZATION_LEVEL = 0;
				GCC_PREPROCESSOR_DEFINITIONS = (
					"DEBUG=1",
					"$(inherited)",
				);
				GCC_WARN_64_TO_32_BIT_CONVERSION = YES;
				GCC_WARN_ABOUT_RETURN_TYPE = YES_ERROR;
				GCC_WARN_UNDECLARED_SELECTOR = YES;
				GCC_WARN_UNINITIALIZED_AUTOS = YES_AGGRESSIVE;
				GCC_WARN_UNUSED_FUNCTION = YES;
				GCC_WARN_UNUSED_VARIABLE = YES;
				MACOSX_DEPLOYMENT_TARGET = 10.14;
				MTL_ENABLE_DEBUG_INFO = INCLUDE_SOURCE;
				MTL_FAST_MATH = YES;
				ONLY_ACTIVE_ARCH = YES;
				SDKROOT = macosx;
				SWIFT_ACTIVE_COMPILATION_CONDITIONS = DEBUG;
				SWIFT_OPTIMIZATION_LEVEL = "-Onone";
			};
			name = Debug;
		};
		ADF921B92333F3480055AA95 /* Release */ = {
			isa = XCBuildConfiguration;
			buildSettings = {
				ALWAYS_SEARCH_USER_PATHS = NO;
				CLANG_ANALYZER_NONNULL = YES;
				CLANG_ANALYZER_NUMBER_OBJECT_CONVERSION = YES_AGGRESSIVE;
				CLANG_CXX_LANGUAGE_STANDARD = "gnu++14";
				CLANG_CXX_LIBRARY = "libc++";
				CLANG_ENABLE_MODULES = YES;
				CLANG_ENABLE_OBJC_ARC = YES;
				CLANG_ENABLE_OBJC_WEAK = YES;
				CLANG_WARN_BLOCK_CAPTURE_AUTORELEASING = YES;
				CLANG_WARN_BOOL_CONVERSION = YES;
				CLANG_WARN_COMMA = YES;
				CLANG_WARN_CONSTANT_CONVERSION = YES;
				CLANG_WARN_DEPRECATED_OBJC_IMPLEMENTATIONS = YES;
				CLANG_WARN_DIRECT_OBJC_ISA_USAGE = YES_ERROR;
				CLANG_WARN_DOCUMENTATION_COMMENTS = YES;
				CLANG_WARN_EMPTY_BODY = YES;
				CLANG_WARN_ENUM_CONVERSION = YES;
				CLANG_WARN_INFINITE_RECURSION = YES;
				CLANG_WARN_INT_CONVERSION = YES;
				CLANG_WARN_NON_LITERAL_NULL_CONVERSION = YES;
				CLANG_WARN_OBJC_IMPLICIT_RETAIN_SELF = YES;
				CLANG_WARN_OBJC_LITERAL_CONVERSION = YES;
				CLANG_WARN_OBJC_ROOT_CLASS = YES_ERROR;
				CLANG_WARN_RANGE_LOOP_ANALYSIS = YES;
				CLANG_WARN_STRICT_PROTOTYPES = YES;
				CLANG_WARN_SUSPICIOUS_MOVE = YES;
				CLANG_WARN_UNGUARDED_AVAILABILITY = YES_AGGRESSIVE;
				CLANG_WARN_UNREACHABLE_CODE = YES;
				CLANG_WARN__DUPLICATE_METHOD_MATCH = YES;
				COPY_PHASE_STRIP = NO;
				DEBUG_INFORMATION_FORMAT = "dwarf-with-dsym";
				ENABLE_NS_ASSERTIONS = NO;
				ENABLE_STRICT_OBJC_MSGSEND = YES;
				GCC_C_LANGUAGE_STANDARD = gnu11;
				GCC_NO_COMMON_BLOCKS = YES;
				GCC_WARN_64_TO_32_BIT_CONVERSION = YES;
				GCC_WARN_ABOUT_RETURN_TYPE = YES_ERROR;
				GCC_WARN_UNDECLARED_SELECTOR = YES;
				GCC_WARN_UNINITIALIZED_AUTOS = YES_AGGRESSIVE;
				GCC_WARN_UNUSED_FUNCTION = YES;
				GCC_WARN_UNUSED_VARIABLE = YES;
				MACOSX_DEPLOYMENT_TARGET = 10.14;
				MTL_ENABLE_DEBUG_INFO = NO;
				MTL_FAST_MATH = YES;
				SDKROOT = macosx;
				SWIFT_COMPILATION_MODE = wholemodule;
				SWIFT_OPTIMIZATION_LEVEL = "-O";
			};
			name = Release;
		};
		ADF921BB2333F3480055AA95 /* Debug */ = {
			isa = XCBuildConfiguration;
			buildSettings = {
				ASSETCATALOG_COMPILER_APPICON_NAME = AppIcon;
				CODE_SIGN_ENTITLEMENTS = Rollswhere/Rollswhere.entitlements;
				CODE_SIGN_STYLE = Automatic;
				COMBINE_HIDPI_IMAGES = YES;
				DEVELOPMENT_TEAM = 83XX9TWPTZ;
				ENABLE_HARDENED_RUNTIME = YES;
				INFOPLIST_FILE = Rollswhere/Info.plist;
				LD_RUNPATH_SEARCH_PATHS = (
					"$(inherited)",
					"@executable_path/../Frameworks",
				);
				PRODUCT_BUNDLE_IDENTIFIER = marko.Rollswhere;
				PRODUCT_NAME = "$(TARGET_NAME)";
				SWIFT_VERSION = 5.0;
			};
			name = Debug;
		};
		ADF921BC2333F3480055AA95 /* Release */ = {
			isa = XCBuildConfiguration;
			buildSettings = {
				ASSETCATALOG_COMPILER_APPICON_NAME = AppIcon;
				CODE_SIGN_ENTITLEMENTS = Rollswhere/Rollswhere.entitlements;
				CODE_SIGN_STYLE = Automatic;
				COMBINE_HIDPI_IMAGES = YES;
				DEVELOPMENT_TEAM = 83XX9TWPTZ;
				ENABLE_HARDENED_RUNTIME = YES;
				INFOPLIST_FILE = Rollswhere/Info.plist;
				LD_RUNPATH_SEARCH_PATHS = (
					"$(inherited)",
					"@executable_path/../Frameworks",
				);
				PRODUCT_BUNDLE_IDENTIFIER = marko.Rollswhere;
				PRODUCT_NAME = "$(TARGET_NAME)";
				SWIFT_VERSION = 5.0;
			};
			name = Release;
		};
/* End XCBuildConfiguration section */

/* Begin XCConfigurationList section */
		ADF9219F2333F3470055AA95 /* Build configuration list for PBXProject "Rollswhere" */ = {
			isa = XCConfigurationList;
			buildConfigurations = (
				ADF921B82333F3480055AA95 /* Debug */,
				ADF921B92333F3480055AA95 /* Release */,
			);
			defaultConfigurationIsVisible = 0;
			defaultConfigurationName = Release;
		};
		ADF921BA2333F3480055AA95 /* Build configuration list for PBXNativeTarget "Rollswhere" */ = {
			isa = XCConfigurationList;
			buildConfigurations = (
				ADF921BB2333F3480055AA95 /* Debug */,
				ADF921BC2333F3480055AA95 /* Release */,
			);
			defaultConfigurationIsVisible = 0;
			defaultConfigurationName = Release;
		};
/* End XCConfigurationList section */

/* Begin XCRemoteSwiftPackageReference section */
		ADF921C62333F3840055AA95 /* XCRemoteSwiftPackageReference "RollswhereEngine" */ = {
			isa = XCRemoteSwiftPackageReference;
			repositoryURL = "git@github.com:markorankovic/RollswhereEngine.git";
			requirement = {
				kind = upToNextMajorVersion;
				minimumVersion = 1.0.0;
			};
		};
/* End XCRemoteSwiftPackageReference section */

/* Begin XCSwiftPackageProductDependency section */
		ADF921C72333F3840055AA95 /* RollswhereEngine */ = {
			isa = XCSwiftPackageProductDependency;
			package = ADF921C62333F3840055AA95 /* XCRemoteSwiftPackageReference "RollswhereEngine" */;
			productName = RollswhereEngine;
		};
/* End XCSwiftPackageProductDependency section */
	};
	rootObject = ADF9219C2333F3470055AA95 /* Project object */;
}
