// !$*UTF8*$!
{
	archiveVersion = 1;
	classes = {
	};
	objectVersion = 50;
	objects = {

/* Begin PBXBuildFile section */
		ADC9EAB8254FACEC00DCD571 /* AppDelegate.swift in Sources */ = {isa = PBXBuildFile; fileRef = ADC9EAB7254FACEC00DCD571 /* AppDelegate.swift */; };
		ADC9EABA254FACEC00DCD571 /* GameViewController.swift in Sources */ = {isa = PBXBuildFile; fileRef = ADC9EAB9254FACEC00DCD571 /* GameViewController.swift */; };
		ADC9EABD254FACEC00DCD571 /* Main.storyboard in Resources */ = {isa = PBXBuildFile; fileRef = ADC9EABB254FACEC00DCD571 /* Main.storyboard */; };
		ADC9EAC0254FACEC00DCD571 /* LaunchScreen.storyboard in Resources */ = {isa = PBXBuildFile; fileRef = ADC9EABE254FACEC00DCD571 /* LaunchScreen.storyboard */; };
		ADC9EAC9254FACEC00DCD571 /* AppDelegate.swift in Sources */ = {isa = PBXBuildFile; fileRef = ADC9EAC8254FACEC00DCD571 /* AppDelegate.swift */; };
		ADC9EACB254FACEC00DCD571 /* GameViewController.swift in Sources */ = {isa = PBXBuildFile; fileRef = ADC9EACA254FACEC00DCD571 /* GameViewController.swift */; };
		ADC9EACE254FACEC00DCD571 /* Main.storyboard in Resources */ = {isa = PBXBuildFile; fileRef = ADC9EACC254FACEC00DCD571 /* Main.storyboard */; };
		ADC9EAD1254FACEC00DCD571 /* Actions.sks in Resources */ = {isa = PBXBuildFile; fileRef = ADC9EAAC254FACEB00DCD571 /* Actions.sks */; };
		ADC9EAD2254FACEC00DCD571 /* Actions.sks in Resources */ = {isa = PBXBuildFile; fileRef = ADC9EAAC254FACEB00DCD571 /* Actions.sks */; };
		ADC9EAD3254FACEC00DCD571 /* GameScene.sks in Resources */ = {isa = PBXBuildFile; fileRef = ADC9EAAD254FACEB00DCD571 /* GameScene.sks */; };
		ADC9EAD4254FACEC00DCD571 /* GameScene.sks in Resources */ = {isa = PBXBuildFile; fileRef = ADC9EAAD254FACEB00DCD571 /* GameScene.sks */; };
		ADC9EAD5254FACEC00DCD571 /* GameScene.swift in Sources */ = {isa = PBXBuildFile; fileRef = ADC9EAAE254FACEB00DCD571 /* GameScene.swift */; };
		ADC9EAD6254FACEC00DCD571 /* GameScene.swift in Sources */ = {isa = PBXBuildFile; fileRef = ADC9EAAE254FACEB00DCD571 /* GameScene.swift */; };
		ADC9EAD7254FACEC00DCD571 /* Assets.xcassets in Resources */ = {isa = PBXBuildFile; fileRef = ADC9EAAF254FACEC00DCD571 /* Assets.xcassets */; };
		ADC9EAD8254FACEC00DCD571 /* Assets.xcassets in Resources */ = {isa = PBXBuildFile; fileRef = ADC9EAAF254FACEC00DCD571 /* Assets.xcassets */; };
/* End PBXBuildFile section */

/* Begin PBXFileReference section */
		ADC9EAAC254FACEB00DCD571 /* Actions.sks */ = {isa = PBXFileReference; lastKnownFileType = file.sks; path = Actions.sks; sourceTree = "<group>"; };
		ADC9EAAD254FACEB00DCD571 /* GameScene.sks */ = {isa = PBXFileReference; lastKnownFileType = file.sks; path = GameScene.sks; sourceTree = "<group>"; };
		ADC9EAAE254FACEB00DCD571 /* GameScene.swift */ = {isa = PBXFileReference; lastKnownFileType = sourcecode.swift; path = GameScene.swift; sourceTree = "<group>"; };
		ADC9EAAF254FACEC00DCD571 /* Assets.xcassets */ = {isa = PBXFileReference; lastKnownFileType = folder.assetcatalog; path = Assets.xcassets; sourceTree = "<group>"; };
		ADC9EAB4254FACEC00DCD571 /* Rollswhere.app */ = {isa = PBXFileReference; explicitFileType = wrapper.application; includeInIndex = 0; path = Rollswhere.app; sourceTree = BUILT_PRODUCTS_DIR; };
		ADC9EAB7254FACEC00DCD571 /* AppDelegate.swift */ = {isa = PBXFileReference; lastKnownFileType = sourcecode.swift; path = AppDelegate.swift; sourceTree = "<group>"; };
		ADC9EAB9254FACEC00DCD571 /* GameViewController.swift */ = {isa = PBXFileReference; lastKnownFileType = sourcecode.swift; path = GameViewController.swift; sourceTree = "<group>"; };
		ADC9EABC254FACEC00DCD571 /* Base */ = {isa = PBXFileReference; lastKnownFileType = file.storyboard; name = Base; path = Base.lproj/Main.storyboard; sourceTree = "<group>"; };
		ADC9EABF254FACEC00DCD571 /* Base */ = {isa = PBXFileReference; lastKnownFileType = file.storyboard; name = Base; path = Base.lproj/LaunchScreen.storyboard; sourceTree = "<group>"; };
		ADC9EAC1254FACEC00DCD571 /* Info.plist */ = {isa = PBXFileReference; lastKnownFileType = text.plist.xml; path = Info.plist; sourceTree = "<group>"; };
		ADC9EAC6254FACEC00DCD571 /* Rollswhere.app */ = {isa = PBXFileReference; explicitFileType = wrapper.application; includeInIndex = 0; path = Rollswhere.app; sourceTree = BUILT_PRODUCTS_DIR; };
		ADC9EAC8254FACEC00DCD571 /* AppDelegate.swift */ = {isa = PBXFileReference; lastKnownFileType = sourcecode.swift; path = AppDelegate.swift; sourceTree = "<group>"; };
		ADC9EACA254FACEC00DCD571 /* GameViewController.swift */ = {isa = PBXFileReference; lastKnownFileType = sourcecode.swift; path = GameViewController.swift; sourceTree = "<group>"; };
		ADC9EACD254FACEC00DCD571 /* Base */ = {isa = PBXFileReference; lastKnownFileType = file.storyboard; name = Base; path = Base.lproj/Main.storyboard; sourceTree = "<group>"; };
		ADC9EACF254FACEC00DCD571 /* Info.plist */ = {isa = PBXFileReference; lastKnownFileType = text.plist.xml; path = Info.plist; sourceTree = "<group>"; };
		ADC9EAD0254FACEC00DCD571 /* Rollswhere_macOS.entitlements */ = {isa = PBXFileReference; lastKnownFileType = text.plist.entitlements; path = Rollswhere_macOS.entitlements; sourceTree = "<group>"; };
/* End PBXFileReference section */

/* Begin PBXFrameworksBuildPhase section */
		ADC9EAB1254FACEC00DCD571 /* Frameworks */ = {
			isa = PBXFrameworksBuildPhase;
			buildActionMask = 2147483647;
			files = (
			);
			runOnlyForDeploymentPostprocessing = 0;
		};
		ADC9EAC3254FACEC00DCD571 /* Frameworks */ = {
			isa = PBXFrameworksBuildPhase;
			buildActionMask = 2147483647;
			files = (
			);
			runOnlyForDeploymentPostprocessing = 0;
		};
/* End PBXFrameworksBuildPhase section */

/* Begin PBXGroup section */
		ADC9EAA6254FACEB00DCD571 = {
			isa = PBXGroup;
			children = (
				ADC9EAAB254FACEB00DCD571 /* Rollswhere Shared */,
				ADC9EAB6254FACEC00DCD571 /* Rollswhere iOS */,
				ADC9EAC7254FACEC00DCD571 /* Rollswhere macOS */,
				ADC9EAB5254FACEC00DCD571 /* Products */,
			);
			sourceTree = "<group>";
		};
		ADC9EAAB254FACEB00DCD571 /* Rollswhere Shared */ = {
			isa = PBXGroup;
			children = (
				ADC9EAAC254FACEB00DCD571 /* Actions.sks */,
				ADC9EAAD254FACEB00DCD571 /* GameScene.sks */,
				ADC9EAAE254FACEB00DCD571 /* GameScene.swift */,
				ADC9EAAF254FACEC00DCD571 /* Assets.xcassets */,
			);
			path = "Rollswhere Shared";
			sourceTree = "<group>";
		};
		ADC9EAB5254FACEC00DCD571 /* Products */ = {
			isa = PBXGroup;
			children = (
				ADC9EAB4254FACEC00DCD571 /* Rollswhere.app */,
				ADC9EAC6254FACEC00DCD571 /* Rollswhere.app */,
			);
			name = Products;
			sourceTree = "<group>";
		};
		ADC9EAB6254FACEC00DCD571 /* Rollswhere iOS */ = {
			isa = PBXGroup;
			children = (
				ADC9EAB7254FACEC00DCD571 /* AppDelegate.swift */,
				ADC9EAB9254FACEC00DCD571 /* GameViewController.swift */,
				ADC9EABB254FACEC00DCD571 /* Main.storyboard */,
				ADC9EABE254FACEC00DCD571 /* LaunchScreen.storyboard */,
				ADC9EAC1254FACEC00DCD571 /* Info.plist */,
			);
			path = "Rollswhere iOS";
			sourceTree = "<group>";
		};
		ADC9EAC7254FACEC00DCD571 /* Rollswhere macOS */ = {
			isa = PBXGroup;
			children = (
				ADC9EAC8254FACEC00DCD571 /* AppDelegate.swift */,
				ADC9EACA254FACEC00DCD571 /* GameViewController.swift */,
				ADC9EACC254FACEC00DCD571 /* Main.storyboard */,
				ADC9EACF254FACEC00DCD571 /* Info.plist */,
				ADC9EAD0254FACEC00DCD571 /* Rollswhere_macOS.entitlements */,
			);
			path = "Rollswhere macOS";
			sourceTree = "<group>";
		};
/* End PBXGroup section */

/* Begin PBXNativeTarget section */
		ADC9EAB3254FACEC00DCD571 /* Rollswhere iOS */ = {
			isa = PBXNativeTarget;
			buildConfigurationList = ADC9EADB254FACEC00DCD571 /* Build configuration list for PBXNativeTarget "Rollswhere iOS" */;
			buildPhases = (
				ADC9EAB0254FACEC00DCD571 /* Sources */,
				ADC9EAB1254FACEC00DCD571 /* Frameworks */,
				ADC9EAB2254FACEC00DCD571 /* Resources */,
			);
			buildRules = (
			);
			dependencies = (
			);
			name = "Rollswhere iOS";
			productName = "Rollswhere iOS";
			productReference = ADC9EAB4254FACEC00DCD571 /* Rollswhere.app */;
			productType = "com.apple.product-type.application";
		};
		ADC9EAC5254FACEC00DCD571 /* Rollswhere macOS */ = {
			isa = PBXNativeTarget;
			buildConfigurationList = ADC9EADE254FACEC00DCD571 /* Build configuration list for PBXNativeTarget "Rollswhere macOS" */;
			buildPhases = (
				ADC9EAC2254FACEC00DCD571 /* Sources */,
				ADC9EAC3254FACEC00DCD571 /* Frameworks */,
				ADC9EAC4254FACEC00DCD571 /* Resources */,
			);
			buildRules = (
			);
			dependencies = (
			);
			name = "Rollswhere macOS";
			productName = "Rollswhere macOS";
			productReference = ADC9EAC6254FACEC00DCD571 /* Rollswhere.app */;
			productType = "com.apple.product-type.application";
		};
/* End PBXNativeTarget section */

/* Begin PBXProject section */
		ADC9EAA7254FACEB00DCD571 /* Project object */ = {
			isa = PBXProject;
			attributes = {
				LastSwiftUpdateCheck = 1210;
				LastUpgradeCheck = 1210;
				TargetAttributes = {
					ADC9EAB3254FACEC00DCD571 = {
						CreatedOnToolsVersion = 12.1;
					};
					ADC9EAC5254FACEC00DCD571 = {
						CreatedOnToolsVersion = 12.1;
					};
				};
			};
			buildConfigurationList = ADC9EAAA254FACEB00DCD571 /* Build configuration list for PBXProject "Rollswhere" */;
			compatibilityVersion = "Xcode 9.3";
			developmentRegion = en;
			hasScannedForEncodings = 0;
			knownRegions = (
				en,
				Base,
			);
			mainGroup = ADC9EAA6254FACEB00DCD571;
			productRefGroup = ADC9EAB5254FACEC00DCD571 /* Products */;
			projectDirPath = "";
			projectRoot = "";
			targets = (
				ADC9EAB3254FACEC00DCD571 /* Rollswhere iOS */,
				ADC9EAC5254FACEC00DCD571 /* Rollswhere macOS */,
			);
		};
/* End PBXProject section */

/* Begin PBXResourcesBuildPhase section */
		ADC9EAB2254FACEC00DCD571 /* Resources */ = {
			isa = PBXResourcesBuildPhase;
			buildActionMask = 2147483647;
			files = (
				ADC9EAD3254FACEC00DCD571 /* GameScene.sks in Resources */,
				ADC9EABD254FACEC00DCD571 /* Main.storyboard in Resources */,
				ADC9EAD1254FACEC00DCD571 /* Actions.sks in Resources */,
				ADC9EAC0254FACEC00DCD571 /* LaunchScreen.storyboard in Resources */,
				ADC9EAD7254FACEC00DCD571 /* Assets.xcassets in Resources */,
			);
			runOnlyForDeploymentPostprocessing = 0;
		};
		ADC9EAC4254FACEC00DCD571 /* Resources */ = {
			isa = PBXResourcesBuildPhase;
			buildActionMask = 2147483647;
			files = (
				ADC9EACE254FACEC00DCD571 /* Main.storyboard in Resources */,
				ADC9EAD4254FACEC00DCD571 /* GameScene.sks in Resources */,
				ADC9EAD8254FACEC00DCD571 /* Assets.xcassets in Resources */,
				ADC9EAD2254FACEC00DCD571 /* Actions.sks in Resources */,
			);
			runOnlyForDeploymentPostprocessing = 0;
		};
/* End PBXResourcesBuildPhase section */

/* Begin PBXSourcesBuildPhase section */
		ADC9EAB0254FACEC00DCD571 /* Sources */ = {
			isa = PBXSourcesBuildPhase;
			buildActionMask = 2147483647;
			files = (
				ADC9EAD5254FACEC00DCD571 /* GameScene.swift in Sources */,
				ADC9EABA254FACEC00DCD571 /* GameViewController.swift in Sources */,
				ADC9EAB8254FACEC00DCD571 /* AppDelegate.swift in Sources */,
			);
			runOnlyForDeploymentPostprocessing = 0;
		};
		ADC9EAC2254FACEC00DCD571 /* Sources */ = {
			isa = PBXSourcesBuildPhase;
			buildActionMask = 2147483647;
			files = (
				ADC9EAD6254FACEC00DCD571 /* GameScene.swift in Sources */,
				ADC9EACB254FACEC00DCD571 /* GameViewController.swift in Sources */,
				ADC9EAC9254FACEC00DCD571 /* AppDelegate.swift in Sources */,
			);
			runOnlyForDeploymentPostprocessing = 0;
		};
/* End PBXSourcesBuildPhase section */

/* Begin PBXVariantGroup section */
		ADC9EABB254FACEC00DCD571 /* Main.storyboard */ = {
			isa = PBXVariantGroup;
			children = (
				ADC9EABC254FACEC00DCD571 /* Base */,
			);
			name = Main.storyboard;
			sourceTree = "<group>";
		};
		ADC9EABE254FACEC00DCD571 /* LaunchScreen.storyboard */ = {
			isa = PBXVariantGroup;
			children = (
				ADC9EABF254FACEC00DCD571 /* Base */,
			);
			name = LaunchScreen.storyboard;
			sourceTree = "<group>";
		};
		ADC9EACC254FACEC00DCD571 /* Main.storyboard */ = {
			isa = PBXVariantGroup;
			children = (
				ADC9EACD254FACEC00DCD571 /* Base */,
			);
			name = Main.storyboard;
			sourceTree = "<group>";
		};
/* End PBXVariantGroup section */

/* Begin XCBuildConfiguration section */
		ADC9EAD9254FACEC00DCD571 /* Debug */ = {
			isa = XCBuildConfiguration;
			buildSettings = {
				ALWAYS_SEARCH_USER_PATHS = NO;
				CLANG_ANALYZER_NONNULL = YES;
				CLANG_ANALYZER_NUMBER_OBJECT_CONVERSION = YES_AGGRESSIVE;
				CLANG_CXX_LANGUAGE_STANDARD = "gnu++14";
				CLANG_CXX_LIBRARY = "libc++";
				CLANG_ENABLE_MODULES = YES;
				CLANG_ENABLE_OBJC_ARC = YES;
				CLANG_ENABLE_OBJC_WEAK = YES;
				CLANG_WARN_BLOCK_CAPTURE_AUTORELEASING = YES;
				CLANG_WARN_BOOL_CONVERSION = YES;
				CLANG_WARN_COMMA = YES;
				CLANG_WARN_CONSTANT_CONVERSION = YES;
				CLANG_WARN_DEPRECATED_OBJC_IMPLEMENTATIONS = YES;
				CLANG_WARN_DIRECT_OBJC_ISA_USAGE = YES_ERROR;
				CLANG_WARN_DOCUMENTATION_COMMENTS = YES;
				CLANG_WARN_EMPTY_BODY = YES;
				CLANG_WARN_ENUM_CONVERSION = YES;
				CLANG_WARN_INFINITE_RECURSION = YES;
				CLANG_WARN_INT_CONVERSION = YES;
				CLANG_WARN_NON_LITERAL_NULL_CONVERSION = YES;
				CLANG_WARN_OBJC_IMPLICIT_RETAIN_SELF = YES;
				CLANG_WARN_OBJC_LITERAL_CONVERSION = YES;
				CLANG_WARN_OBJC_ROOT_CLASS = YES_ERROR;
				CLANG_WARN_QUOTED_INCLUDE_IN_FRAMEWORK_HEADER = YES;
				CLANG_WARN_RANGE_LOOP_ANALYSIS = YES;
				CLANG_WARN_STRICT_PROTOTYPES = YES;
				CLANG_WARN_SUSPICIOUS_MOVE = YES;
				CLANG_WARN_UNGUARDED_AVAILABILITY = YES_AGGRESSIVE;
				CLANG_WARN_UNREACHABLE_CODE = YES;
				CLANG_WARN__DUPLICATE_METHOD_MATCH = YES;
				COPY_PHASE_STRIP = NO;
				DEBUG_INFORMATION_FORMAT = dwarf;
				ENABLE_STRICT_OBJC_MSGSEND = YES;
				ENABLE_TESTABILITY = YES;
				GCC_C_LANGUAGE_STANDARD = gnu11;
				GCC_DYNAMIC_NO_PIC = NO;
				GCC_NO_COMMON_BLOCKS = YES;
				GCC_OPTIMIZATION_LEVEL = 0;
				GCC_PREPROCESSOR_DEFINITIONS = (
					"DEBUG=1",
					"$(inherited)",
				);
				GCC_WARN_64_TO_32_BIT_CONVERSION = YES;
				GCC_WARN_ABOUT_RETURN_TYPE = YES_ERROR;
				GCC_WARN_UNDECLARED_SELECTOR = YES;
				GCC_WARN_UNINITIALIZED_AUTOS = YES_AGGRESSIVE;
				GCC_WARN_UNUSED_FUNCTION = YES;
				GCC_WARN_UNUSED_VARIABLE = YES;
				MTL_ENABLE_DEBUG_INFO = INCLUDE_SOURCE;
				MTL_FAST_MATH = YES;
				ONLY_ACTIVE_ARCH = YES;
				SWIFT_ACTIVE_COMPILATION_CONDITIONS = DEBUG;
				SWIFT_OPTIMIZATION_LEVEL = "-Onone";
			};
			name = Debug;
		};
		ADC9EADA254FACEC00DCD571 /* Release */ = {
			isa = XCBuildConfiguration;
			buildSettings = {
				ALWAYS_SEARCH_USER_PATHS = NO;
				CLANG_ANALYZER_NONNULL = YES;
				CLANG_ANALYZER_NUMBER_OBJECT_CONVERSION = YES_AGGRESSIVE;
				CLANG_CXX_LANGUAGE_STANDARD = "gnu++14";
				CLANG_CXX_LIBRARY = "libc++";
				CLANG_ENABLE_MODULES = YES;
				CLANG_ENABLE_OBJC_ARC = YES;
				CLANG_ENABLE_OBJC_WEAK = YES;
				CLANG_WARN_BLOCK_CAPTURE_AUTORELEASING = YES;
				CLANG_WARN_BOOL_CONVERSION = YES;
				CLANG_WARN_COMMA = YES;
				CLANG_WARN_CONSTANT_CONVERSION = YES;
				CLANG_WARN_DEPRECATED_OBJC_IMPLEMENTATIONS = YES;
				CLANG_WARN_DIRECT_OBJC_ISA_USAGE = YES_ERROR;
				CLANG_WARN_DOCUMENTATION_COMMENTS = YES;
				CLANG_WARN_EMPTY_BODY = YES;
				CLANG_WARN_ENUM_CONVERSION = YES;
				CLANG_WARN_INFINITE_RECURSION = YES;
				CLANG_WARN_INT_CONVERSION = YES;
				CLANG_WARN_NON_LITERAL_NULL_CONVERSION = YES;
				CLANG_WARN_OBJC_IMPLICIT_RETAIN_SELF = YES;
				CLANG_WARN_OBJC_LITERAL_CONVERSION = YES;
				CLANG_WARN_OBJC_ROOT_CLASS = YES_ERROR;
				CLANG_WARN_QUOTED_INCLUDE_IN_FRAMEWORK_HEADER = YES;
				CLANG_WARN_RANGE_LOOP_ANALYSIS = YES;
				CLANG_WARN_STRICT_PROTOTYPES = YES;
				CLANG_WARN_SUSPICIOUS_MOVE = YES;
				CLANG_WARN_UNGUARDED_AVAILABILITY = YES_AGGRESSIVE;
				CLANG_WARN_UNREACHABLE_CODE = YES;
				CLANG_WARN__DUPLICATE_METHOD_MATCH = YES;
				COPY_PHASE_STRIP = NO;
				DEBUG_INFORMATION_FORMAT = "dwarf-with-dsym";
				ENABLE_NS_ASSERTIONS = NO;
				ENABLE_STRICT_OBJC_MSGSEND = YES;
				GCC_C_LANGUAGE_STANDARD = gnu11;
				GCC_NO_COMMON_BLOCKS = YES;
				GCC_WARN_64_TO_32_BIT_CONVERSION = YES;
				GCC_WARN_ABOUT_RETURN_TYPE = YES_ERROR;
				GCC_WARN_UNDECLARED_SELECTOR = YES;
				GCC_WARN_UNINITIALIZED_AUTOS = YES_AGGRESSIVE;
				GCC_WARN_UNUSED_FUNCTION = YES;
				GCC_WARN_UNUSED_VARIABLE = YES;
				MTL_ENABLE_DEBUG_INFO = NO;
				MTL_FAST_MATH = YES;
				SWIFT_COMPILATION_MODE = wholemodule;
				SWIFT_OPTIMIZATION_LEVEL = "-O";
			};
			name = Release;
		};
		ADC9EADC254FACEC00DCD571 /* Debug */ = {
			isa = XCBuildConfiguration;
			buildSettings = {
				ASSETCATALOG_COMPILER_APPICON_NAME = AppIcon;
				ASSETCATALOG_COMPILER_GLOBAL_ACCENT_COLOR_NAME = AccentColor;
				CODE_SIGN_STYLE = Automatic;
				DEVELOPMENT_TEAM = 83XX9TWPTZ;
				INFOPLIST_FILE = "Rollswhere iOS/Info.plist";
				IPHONEOS_DEPLOYMENT_TARGET = 14.1;
				LD_RUNPATH_SEARCH_PATHS = (
					"$(inherited)",
					"@executable_path/Frameworks",
				);
				PRODUCT_BUNDLE_IDENTIFIER = com.gmail.markosapps.Rollswhere;
				PRODUCT_NAME = Rollswhere;
				SDKROOT = iphoneos;
				SWIFT_VERSION = 5.0;
				TARGETED_DEVICE_FAMILY = "1,2";
			};
			name = Debug;
		};
		ADC9EADD254FACEC00DCD571 /* Release */ = {
			isa = XCBuildConfiguration;
			buildSettings = {
				ASSETCATALOG_COMPILER_APPICON_NAME = AppIcon;
				ASSETCATALOG_COMPILER_GLOBAL_ACCENT_COLOR_NAME = AccentColor;
				CODE_SIGN_STYLE = Automatic;
				DEVELOPMENT_TEAM = 83XX9TWPTZ;
				INFOPLIST_FILE = "Rollswhere iOS/Info.plist";
				IPHONEOS_DEPLOYMENT_TARGET = 14.1;
				LD_RUNPATH_SEARCH_PATHS = (
					"$(inherited)",
					"@executable_path/Frameworks",
				);
				PRODUCT_BUNDLE_IDENTIFIER = com.gmail.markosapps.Rollswhere;
				PRODUCT_NAME = Rollswhere;
				SDKROOT = iphoneos;
				SWIFT_VERSION = 5.0;
				TARGETED_DEVICE_FAMILY = "1,2";
				VALIDATE_PRODUCT = YES;
			};
			name = Release;
		};
		ADC9EADF254FACEC00DCD571 /* Debug */ = {
			isa = XCBuildConfiguration;
			buildSettings = {
				ASSETCATALOG_COMPILER_APPICON_NAME = AppIcon;
				ASSETCATALOG_COMPILER_GLOBAL_ACCENT_COLOR_NAME = AccentColor;
				CODE_SIGN_ENTITLEMENTS = "Rollswhere macOS/Rollswhere_macOS.entitlements";
				CODE_SIGN_STYLE = Automatic;
				COMBINE_HIDPI_IMAGES = YES;
				DEVELOPMENT_TEAM = 83XX9TWPTZ;
				ENABLE_HARDENED_RUNTIME = YES;
				INFOPLIST_FILE = "Rollswhere macOS/Info.plist";
				LD_RUNPATH_SEARCH_PATHS = (
					"$(inherited)",
					"@executable_path/../Frameworks",
				);
				MACOSX_DEPLOYMENT_TARGET = 10.15;
				PRODUCT_BUNDLE_IDENTIFIER = com.gmail.markosapps.Rollswhere;
				PRODUCT_NAME = Rollswhere;
				SDKROOT = macosx;
				SWIFT_VERSION = 5.0;
			};
			name = Debug;
		};
		ADC9EAE0254FACEC00DCD571 /* Release */ = {
			isa = XCBuildConfiguration;
			buildSettings = {
				ASSETCATALOG_COMPILER_APPICON_NAME = AppIcon;
				ASSETCATALOG_COMPILER_GLOBAL_ACCENT_COLOR_NAME = AccentColor;
				CODE_SIGN_ENTITLEMENTS = "Rollswhere macOS/Rollswhere_macOS.entitlements";
				CODE_SIGN_STYLE = Automatic;
				COMBINE_HIDPI_IMAGES = YES;
				DEVELOPMENT_TEAM = 83XX9TWPTZ;
				ENABLE_HARDENED_RUNTIME = YES;
				INFOPLIST_FILE = "Rollswhere macOS/Info.plist";
				LD_RUNPATH_SEARCH_PATHS = (
					"$(inherited)",
					"@executable_path/../Frameworks",
				);
				MACOSX_DEPLOYMENT_TARGET = 10.15;
				PRODUCT_BUNDLE_IDENTIFIER = com.gmail.markosapps.Rollswhere;
				PRODUCT_NAME = Rollswhere;
				SDKROOT = macosx;
				SWIFT_VERSION = 5.0;
			};
			name = Release;
		};
/* End XCBuildConfiguration section */

/* Begin XCConfigurationList section */
		ADC9EAAA254FACEB00DCD571 /* Build configuration list for PBXProject "Rollswhere" */ = {
			isa = XCConfigurationList;
			buildConfigurations = (
				ADC9EAD9254FACEC00DCD571 /* Debug */,
				ADC9EADA254FACEC00DCD571 /* Release */,
			);
			defaultConfigurationIsVisible = 0;
			defaultConfigurationName = Release;
		};
		ADC9EADB254FACEC00DCD571 /* Build configuration list for PBXNativeTarget "Rollswhere iOS" */ = {
			isa = XCConfigurationList;
			buildConfigurations = (
				ADC9EADC254FACEC00DCD571 /* Debug */,
				ADC9EADD254FACEC00DCD571 /* Release */,
			);
			defaultConfigurationIsVisible = 0;
			defaultConfigurationName = Release;
		};
		ADC9EADE254FACEC00DCD571 /* Build configuration list for PBXNativeTarget "Rollswhere macOS" */ = {
			isa = XCConfigurationList;
			buildConfigurations = (
				ADC9EADF254FACEC00DCD571 /* Debug */,
				ADC9EAE0254FACEC00DCD571 /* Release */,
			);
			defaultConfigurationIsVisible = 0;
			defaultConfigurationName = Release;
		};
/* End XCConfigurationList section */
	};
	rootObject = ADC9EAA7254FACEB00DCD571 /* Project object */;
}
